{
  "requires": true,
  "lockfileVersion": 1,
  "dependencies": {
    "@angular/cdk": {
      "version": "10.0.0",
      "resolved": "https://registry.npmjs.org/@angular/cdk/-/cdk-10.0.0.tgz",
      "integrity": "sha512-Ug4Cj2ioxEzsm7co6sLGnPa1LINbeKdN/IeCCwZiSDFp555O8TLEwcCVqQz8KKbo/YLfaWOcvGRSrlxEhyAM/A==",
      "requires": {
        "parse5": "^5.0.0",
        "tslib": "^2.0.0"
      }
    },
    "@angular/flex-layout": {
      "version": "10.0.0-beta.32",
      "resolved": "https://registry.npmjs.org/@angular/flex-layout/-/flex-layout-10.0.0-beta.32.tgz",
      "integrity": "sha512-JvuY4dUoy5jyCTIrFiq7n30Znakh1pD3nbg0h0hs2r3t1OiDQb0ZSI1wcumosG/vYHsuJQTuNhbfaIZzA1x8nA==",
      "requires": {
        "tslib": "^2.0.0"
      }
    },
    "parse5": {
      "version": "5.1.1",
      "resolved": "https://registry.npmjs.org/parse5/-/parse5-5.1.1.tgz",
      "integrity": "sha512-ugq4DFI0Ptb+WWjAdOK16+u/nHfiIrcE+sh8kZMaM0WllQKLI9rOUq6c2b7cwPkXdzfQESqvoqK6ug7U/Yyzug==",
      "optional": true
    },
    "tslib": {
      "version": "2.0.0",
      "resolved": "https://registry.npmjs.org/tslib/-/tslib-2.0.0.tgz",
      "integrity": "sha512-lTqkx847PI7xEDYJntxZH89L2/aXInsyF2luSafe/+0fHOMjlBNXdH6th7f70qxLDhul7KZK0zC8V5ZIyHl0/g=="
    }
  }
}
